<?xml version="1.0" encoding="utf-8"?>
<Project ToolsVersion="4.0" xmlns="http://schemas.microsoft.com/developer/msbuild/2003">
  <ItemGroup>
    <ClCompile Include="main.cpp" />
    <ClCompile Include="drive\pwm\PCA9685.cpp">
      <Filter>drive\pwm</Filter>
    </ClCompile>
    <ClCompile Include="drive\motor\Motor.cpp">
      <Filter>drive\motor</Filter>
    </ClCompile>
    <ClCompile Include="drive\motor\Motor_constants.cpp">
      <Filter>drive\motor</Filter>
    </ClCompile>
    <ClCompile Include="drive\motor\state\State.cpp">
      <Filter>drive\motor\state</Filter>
    </ClCompile>
    <ClCompile Include="drive\motor\command\Command.cpp">
      <Filter>drive\motor\command</Filter>
    </ClCompile>
    <ClCompile Include="utility\Utility.cpp">
      <Filter>utility</Filter>
    </ClCompile>
    <ClCompile Include="config\Config.cpp">
      <Filter>config</Filter>
    </ClCompile>
    <ClCompile Include="drive\pwm\PCA9685_constants.cpp">
      <Filter>drive\pwm</Filter>
    </ClCompile>
    <ClCompile Include="drive\pwm\PCA9685_ledn_reg_addresses\PCA9685_LEDn_reg_addresses.cpp">
      <Filter>drive\pwm\ledn_reg_addresses</Filter>
    </ClCompile>
  </ItemGroup>
  <ItemGroup>
    <Filter Include="drive">
      <UniqueIdentifier>{e399583d-09d0-4107-9d42-782387cb5bb4}</UniqueIdentifier>
    </Filter>
    <Filter Include="drive\motor">
      <UniqueIdentifier>{1b291b7d-509d-4779-8f40-9731a2677677}</UniqueIdentifier>
    </Filter>
    <Filter Include="drive\motor\state">
      <UniqueIdentifier>{2295d848-2e38-4dc0-a4fc-5f07c437f9c2}</UniqueIdentifier>
    </Filter>
    <Filter Include="utility">
      <UniqueIdentifier>{1db69a28-8b5c-49c4-9d15-3cb16fb3e7f9}</UniqueIdentifier>
    </Filter>
    <Filter Include="drive\motor\command">
      <UniqueIdentifier>{46dc88ff-1158-4419-b2c6-62bad5e3e114}</UniqueIdentifier>
    </Filter>
    <Filter Include="config">
      <UniqueIdentifier>{e2813ff6-34f2-4b94-91d1-1cc11116b86e}</UniqueIdentifier>
    </Filter>
    <Filter Include="drive\pwm">
      <UniqueIdentifier>{ed82e1aa-ec0a-4c25-8e9c-0ebcac737f3f}</UniqueIdentifier>
    </Filter>
    <Filter Include="drive\pwm\ledn_reg_addresses">
      <UniqueIdentifier>{2d2621ad-373c-49c2-b1a9-e11f5dec8a8d}</UniqueIdentifier>
    </Filter>
  </ItemGroup>
  <ItemGroup>
    <ClInclude Include="drive\pwm\PCA9685.h">
      <Filter>drive\pwm</Filter>
    </ClInclude>
    <ClInclude Include="drive\motor\Motor.h">
      <Filter>drive\motor</Filter>
    </ClInclude>
    <ClInclude Include="drive\motor\state\State.h">
      <Filter>drive\motor\state</Filter>
    </ClInclude>
    <ClInclude Include="drive\motor\command\Command.h">
      <Filter>drive\motor\command</Filter>
    </ClInclude>
    <ClInclude Include="utility\Utility.h">
      <Filter>utility</Filter>
    </ClInclude>
    <ClInclude Include="config\Config.h">
      <Filter>config</Filter>
    </ClInclude>
    <ClInclude Include="drive\pwm\PCA9685_ledn_reg_addresses\PCA9685_LEDn_reg_addresses.h">
      <Filter>drive\pwm\ledn_reg_addresses</Filter>
    </ClInclude>
  </ItemGroup>
</Project>